<?xml version="1.0" encoding="utf-8"?>
<Project ToolsVersion="4.0" xmlns="http://schemas.microsoft.com/developer/msbuild/2003">
  <ItemGroup>
    <ClCompile Include="Source.cpp" />
    <ClCompile Include="RenWin.cpp" />
    <ClCompile Include="entity.cpp" />
    <ClCompile Include="Math.cpp" />
    <ClCompile Include="Input.cpp" />
    <ClCompile Include="Player.cpp" />
    <ClCompile Include="Audio.cpp" />
    <ClCompile Include="Physics_Force.cpp" />
    <ClCompile Include="SaveManager.cpp" />
  </ItemGroup>
  <ItemGroup>
    <ClInclude Include="RenWin.h" />
    <ClInclude Include="entity.h" />
    <ClInclude Include="Math.h" />
    <ClInclude Include="utils.h" />
    <ClInclude Include="Input.h" />
    <ClInclude Include="Player.h" />
    <ClInclude Include="Audio.h" />
    <ClInclude Include="Physics_Force.h" />
    <ClInclude Include="SaveManager.h" />
    <ClInclude Include="CommonHeaders.h" />
  </ItemGroup>
  <ItemGroup>
    <Image Include="resources\reflect potate.png" />
    <Image Include="resources\ghost-0.png" />
    <Image Include="resources\ghost-1.png" />
    <Image Include="resources\magnet_flip.png" />
    <Image Include="resources\ghost.png" />
  </ItemGroup>
  <ItemGroup>
    <Media Include="resources\o.wav" />
  </ItemGroup>
</Project>